
Microsoft Visual Studio Solution File, Format Version 12.00
# Visual Studio Version 17
VisualStudioVersion = 17.9.34714.143
MinimumVisualStudioVersion = 10.0.40219.1
Project("{9A19103F-16F7-4668-BE54-9A1E7A4F7556}") = "BuildSite", "src\BuildSite\BuildSite.csproj", "{2D0B931E-2C12-40EA-B1F4-DC97D094CA84}"
EndProject
Project("{2150E333-8FDC-42A3-9474-1A3956D46DE8}") = "src", "src", "{6C64B3F9-1311-4A59-955B-14993E318C5A}"
EndProject
Project("{9A19103F-16F7-4668-BE54-9A1E7A4F7556}") = "ColorCode.HTML", "src\ColorCode.HTML\ColorCode.HTML.csproj", "{94E92452-BBC2-4209-B2A9-2A1999C505A1}"
EndProject
Project("{9A19103F-16F7-4668-BE54-9A1E7A4F7556}") = "ColorCode.Core", "src\ColorCode.Core\ColorCode.Core.csproj", "{099CC19B-F9CE-4EC9-8AC0-4EF4D85233D5}"
EndProject
Project("{9A19103F-16F7-4668-BE54-9A1E7A4F7556}") = "Models", "src\Models\Models.csproj", "{F001C22B-9102-4196-BADC-020B1D33C94D}"
EndProject
Project("{FAE04EC0-301F-11D3-BF4B-00C04F79EFBC}") = "NodePackage", "src\NodePackage\NodePackage.csproj", "{EA0F52B0-8301-4C27-84EF-F5BC9C954578}"
EndProject
Project("{FAE04EC0-301F-11D3-BF4B-00C04F79EFBC}") = "Share", "src\Share\Share.csproj", "{70A23E7F-B3C2-4708-AA60-25F326EB0F71}"
EndProject
Global
	GlobalSection(SolutionConfigurationPlatforms) = preSolution
		Debug|Any CPU = Debug|Any CPU
		Release|Any CPU = Release|Any CPU
	EndGlobalSection
	GlobalSection(ProjectConfigurationPlatforms) = postSolution
		{2D0B931E-2C12-40EA-B1F4-DC97D094CA84}.Debug|Any CPU.ActiveCfg = Debug|Any CPU
		{2D0B931E-2C12-40EA-B1F4-DC97D094CA84}.Debug|Any CPU.Build.0 = Debug|Any CPU
		{2D0B931E-2C12-40EA-B1F4-DC97D094CA84}.Release|Any CPU.ActiveCfg = Release|Any CPU
		{2D0B931E-2C12-40EA-B1F4-DC97D094CA84}.Release|Any CPU.Build.0 = Release|Any CPU
		{94E92452-BBC2-4209-B2A9-2A1999C505A1}.Debug|Any CPU.ActiveCfg = Debug|Any CPU
		{94E92452-BBC2-4209-B2A9-2A1999C505A1}.Debug|Any CPU.Build.0 = Debug|Any CPU
		{94E92452-BBC2-4209-B2A9-2A1999C505A1}.Release|Any CPU.ActiveCfg = Release|Any CPU
		{94E92452-BBC2-4209-B2A9-2A1999C505A1}.Release|Any CPU.Build.0 = Release|Any CPU
		{099CC19B-F9CE-4EC9-8AC0-4EF4D85233D5}.Debug|Any CPU.ActiveCfg = Debug|Any CPU
		{099CC19B-F9CE-4EC9-8AC0-4EF4D85233D5}.Debug|Any CPU.Build.0 = Debug|Any CPU
		{099CC19B-F9CE-4EC9-8AC0-4EF4D85233D5}.Release|Any CPU.ActiveCfg = Release|Any CPU
		{099CC19B-F9CE-4EC9-8AC0-4EF4D85233D5}.Release|Any CPU.Build.0 = Release|Any CPU
		{F001C22B-9102-4196-BADC-020B1D33C94D}.Debug|Any CPU.ActiveCfg = Debug|Any CPU
		{F001C22B-9102-4196-BADC-020B1D33C94D}.Debug|Any CPU.Build.0 = Debug|Any CPU
		{F001C22B-9102-4196-BADC-020B1D33C94D}.Release|Any CPU.ActiveCfg = Release|Any CPU
		{F001C22B-9102-4196-BADC-020B1D33C94D}.Release|Any CPU.Build.0 = Release|Any CPU
		{EA0F52B0-8301-4C27-84EF-F5BC9C954578}.Debug|Any CPU.ActiveCfg = Debug|Any CPU
		{EA0F52B0-8301-4C27-84EF-F5BC9C954578}.Debug|Any CPU.Build.0 = Debug|Any CPU
		{EA0F52B0-8301-4C27-84EF-F5BC9C954578}.Release|Any CPU.ActiveCfg = Release|Any CPU
		{EA0F52B0-8301-4C27-84EF-F5BC9C954578}.Release|Any CPU.Build.0 = Release|Any CPU
		{70A23E7F-B3C2-4708-AA60-25F326EB0F71}.Debug|Any CPU.ActiveCfg = Debug|Any CPU
		{70A23E7F-B3C2-4708-AA60-25F326EB0F71}.Debug|Any CPU.Build.0 = Debug|Any CPU
		{70A23E7F-B3C2-4708-AA60-25F326EB0F71}.Release|Any CPU.ActiveCfg = Release|Any CPU
		{70A23E7F-B3C2-4708-AA60-25F326EB0F71}.Release|Any CPU.Build.0 = Release|Any CPU
	EndGlobalSection
	GlobalSection(SolutionProperties) = preSolution
		HideSolutionNode = FALSE
	EndGlobalSection
	GlobalSection(NestedProjects) = preSolution
		{2D0B931E-2C12-40EA-B1F4-DC97D094CA84} = {6C64B3F9-1311-4A59-955B-14993E318C5A}
		{94E92452-BBC2-4209-B2A9-2A1999C505A1} = {6C64B3F9-1311-4A59-955B-14993E318C5A}
		{099CC19B-F9CE-4EC9-8AC0-4EF4D85233D5} = {6C64B3F9-1311-4A59-955B-14993E318C5A}
		{F001C22B-9102-4196-BADC-020B1D33C94D} = {6C64B3F9-1311-4A59-955B-14993E318C5A}
		{EA0F52B0-8301-4C27-84EF-F5BC9C954578} = {6C64B3F9-1311-4A59-955B-14993E318C5A}
		{70A23E7F-B3C2-4708-AA60-25F326EB0F71} = {6C64B3F9-1311-4A59-955B-14993E318C5A}
	EndGlobalSection
	GlobalSection(ExtensibilityGlobals) = postSolution
		SolutionGuid = {1E7BC8EB-9430-43D5-8B35-A5C911D94494}
	EndGlobalSection
EndGlobal
