
Microsoft Visual Studio Solution File, Format Version 12.00
# Visual Studio Version 17
VisualStudioVersion = 17.9.34714.143
MinimumVisualStudioVersion = 10.0.40219.1
Project("{9A19103F-16F7-4668-BE54-9A1E7A4F7556}") = "Blog", "src\Blog.csproj", "{5D37DB30-E6E0-48DD-AA1E-15B81B644440}"
EndProject
Project("{9A19103F-16F7-4668-BE54-9A1E7A4F7556}") = "BuildSite", "BuildSite\BuildSite.csproj", "{2D0B931E-2C12-40EA-B1F4-DC97D094CA84}"
EndProject
Project("{2150E333-8FDC-42A3-9474-1A3956D46DE8}") = "Lib", "Lib", "{6C64B3F9-1311-4A59-955B-14993E318C5A}"
EndProject
Project("{9A19103F-16F7-4668-BE54-9A1E7A4F7556}") = "ColorCode.HTML", "Lib\ColorCode.HTML\ColorCode.HTML.csproj", "{94E92452-BBC2-4209-B2A9-2A1999C505A1}"
EndProject
Project("{9A19103F-16F7-4668-BE54-9A1E7A4F7556}") = "ColorCode.Core", "Lib\ColorCode.Core\ColorCode.Core.csproj", "{099CC19B-F9CE-4EC9-8AC0-4EF4D85233D5}"
EndProject
Global
	GlobalSection(SolutionConfigurationPlatforms) = preSolution
		Debug|Any CPU = Debug|Any CPU
		Release|Any CPU = Release|Any CPU
	EndGlobalSection
	GlobalSection(ProjectConfigurationPlatforms) = postSolution
		{5D37DB30-E6E0-48DD-AA1E-15B81B644440}.Debug|Any CPU.ActiveCfg = Debug|Any CPU
		{5D37DB30-E6E0-48DD-AA1E-15B81B644440}.Debug|Any CPU.Build.0 = Debug|Any CPU
		{5D37DB30-E6E0-48DD-AA1E-15B81B644440}.Release|Any CPU.ActiveCfg = Release|Any CPU
		{5D37DB30-E6E0-48DD-AA1E-15B81B644440}.Release|Any CPU.Build.0 = Release|Any CPU
		{2D0B931E-2C12-40EA-B1F4-DC97D094CA84}.Debug|Any CPU.ActiveCfg = Debug|Any CPU
		{2D0B931E-2C12-40EA-B1F4-DC97D094CA84}.Debug|Any CPU.Build.0 = Debug|Any CPU
		{2D0B931E-2C12-40EA-B1F4-DC97D094CA84}.Release|Any CPU.ActiveCfg = Release|Any CPU
		{2D0B931E-2C12-40EA-B1F4-DC97D094CA84}.Release|Any CPU.Build.0 = Release|Any CPU
		{94E92452-BBC2-4209-B2A9-2A1999C505A1}.Debug|Any CPU.ActiveCfg = Debug|Any CPU
		{94E92452-BBC2-4209-B2A9-2A1999C505A1}.Debug|Any CPU.Build.0 = Debug|Any CPU
		{94E92452-BBC2-4209-B2A9-2A1999C505A1}.Release|Any CPU.ActiveCfg = Release|Any CPU
		{94E92452-BBC2-4209-B2A9-2A1999C505A1}.Release|Any CPU.Build.0 = Release|Any CPU
		{099CC19B-F9CE-4EC9-8AC0-4EF4D85233D5}.Debug|Any CPU.ActiveCfg = Debug|Any CPU
		{099CC19B-F9CE-4EC9-8AC0-4EF4D85233D5}.Debug|Any CPU.Build.0 = Debug|Any CPU
		{099CC19B-F9CE-4EC9-8AC0-4EF4D85233D5}.Release|Any CPU.ActiveCfg = Release|Any CPU
		{099CC19B-F9CE-4EC9-8AC0-4EF4D85233D5}.Release|Any CPU.Build.0 = Release|Any CPU
	EndGlobalSection
	GlobalSection(SolutionProperties) = preSolution
		HideSolutionNode = FALSE
	EndGlobalSection
	GlobalSection(NestedProjects) = preSolution
		{94E92452-BBC2-4209-B2A9-2A1999C505A1} = {6C64B3F9-1311-4A59-955B-14993E318C5A}
		{099CC19B-F9CE-4EC9-8AC0-4EF4D85233D5} = {6C64B3F9-1311-4A59-955B-14993E318C5A}
	EndGlobalSection
	GlobalSection(ExtensibilityGlobals) = postSolution
		SolutionGuid = {1E7BC8EB-9430-43D5-8B35-A5C911D94494}
	EndGlobalSection
EndGlobal
